
Microsoft Visual Studio Solution File, Format Version 12.00
# Visual Studio Version 17
VisualStudioVersion = 17.5.33516.290
MinimumVisualStudioVersion = 10.0.40219.1
Project("{9A19103F-16F7-4668-BE54-9A1E7A4F7556}") = "Chemiverse.WebApi", "Chemiverse.WebApi\Chemiverse.WebApi.csproj", "{E6ED819E-C381-4051-A344-F851658B1334}"
EndProject
Project("{9A19103F-16F7-4668-BE54-9A1E7A4F7556}") = "Chemiverse.WebUi", "Chemiverse.WebUi\Chemiverse.WebUi.csproj", "{E0475DFB-7FFD-4487-A1A9-BB985F8292E2}"
EndProject
Project("{FAE04EC0-301F-11D3-BF4B-00C04F79EFBC}") = "Chemiverse.Catalog.Domain", "Chemiverse.Catalog.Domain\Chemiverse.Catalog.Domain.csproj", "{8A6F9A80-A6C2-4628-9269-112DA5A65BFA}"
EndProject
Project("{FAE04EC0-301F-11D3-BF4B-00C04F79EFBC}") = "Chemiverse.Catalog.Application", "Chemiverse.Catalog.Application\Chemiverse.Catalog.Application.csproj", "{658828CC-A5C8-433D-B2EB-5EDF5E6CF5DD}"
EndProject
Project("{FAE04EC0-301F-11D3-BF4B-00C04F79EFBC}") = "Chemiverse.Catalog.Tests", "Chemiverse.Catalog.Tests\Chemiverse.Catalog.Tests.csproj", "{ACFD5C40-669A-47DC-8870-09FB69870B90}"
EndProject
Global
	GlobalSection(SolutionConfigurationPlatforms) = preSolution
		Debug|Any CPU = Debug|Any CPU
		Release|Any CPU = Release|Any CPU
	EndGlobalSection
	GlobalSection(ProjectConfigurationPlatforms) = postSolution
		{E6ED819E-C381-4051-A344-F851658B1334}.Debug|Any CPU.ActiveCfg = Debug|Any CPU
		{E6ED819E-C381-4051-A344-F851658B1334}.Debug|Any CPU.Build.0 = Debug|Any CPU
		{E6ED819E-C381-4051-A344-F851658B1334}.Release|Any CPU.ActiveCfg = Release|Any CPU
		{E6ED819E-C381-4051-A344-F851658B1334}.Release|Any CPU.Build.0 = Release|Any CPU
		{E0475DFB-7FFD-4487-A1A9-BB985F8292E2}.Debug|Any CPU.ActiveCfg = Debug|Any CPU
		{E0475DFB-7FFD-4487-A1A9-BB985F8292E2}.Debug|Any CPU.Build.0 = Debug|Any CPU
		{E0475DFB-7FFD-4487-A1A9-BB985F8292E2}.Release|Any CPU.ActiveCfg = Release|Any CPU
		{E0475DFB-7FFD-4487-A1A9-BB985F8292E2}.Release|Any CPU.Build.0 = Release|Any CPU
		{8A6F9A80-A6C2-4628-9269-112DA5A65BFA}.Debug|Any CPU.ActiveCfg = Debug|Any CPU
		{8A6F9A80-A6C2-4628-9269-112DA5A65BFA}.Debug|Any CPU.Build.0 = Debug|Any CPU
		{8A6F9A80-A6C2-4628-9269-112DA5A65BFA}.Release|Any CPU.ActiveCfg = Release|Any CPU
		{8A6F9A80-A6C2-4628-9269-112DA5A65BFA}.Release|Any CPU.Build.0 = Release|Any CPU
		{658828CC-A5C8-433D-B2EB-5EDF5E6CF5DD}.Debug|Any CPU.ActiveCfg = Debug|Any CPU
		{658828CC-A5C8-433D-B2EB-5EDF5E6CF5DD}.Debug|Any CPU.Build.0 = Debug|Any CPU
		{658828CC-A5C8-433D-B2EB-5EDF5E6CF5DD}.Release|Any CPU.ActiveCfg = Release|Any CPU
		{658828CC-A5C8-433D-B2EB-5EDF5E6CF5DD}.Release|Any CPU.Build.0 = Release|Any CPU
		{ACFD5C40-669A-47DC-8870-09FB69870B90}.Debug|Any CPU.ActiveCfg = Debug|Any CPU
		{ACFD5C40-669A-47DC-8870-09FB69870B90}.Debug|Any CPU.Build.0 = Debug|Any CPU
		{ACFD5C40-669A-47DC-8870-09FB69870B90}.Release|Any CPU.ActiveCfg = Release|Any CPU
		{ACFD5C40-669A-47DC-8870-09FB69870B90}.Release|Any CPU.Build.0 = Release|Any CPU
	EndGlobalSection
	GlobalSection(SolutionProperties) = preSolution
		HideSolutionNode = FALSE
	EndGlobalSection
	GlobalSection(ExtensibilityGlobals) = postSolution
		SolutionGuid = {8F37CA7B-CBBF-4999-A82D-8D057E81E36E}
	EndGlobalSection
EndGlobal
